
Microsoft Visual Studio Solution File, Format Version 12.00
# Visual Studio Version 17
VisualStudioVersion = 17.3.32901.215
MinimumVisualStudioVersion = 10.0.40219.1
Project("{FAE04EC0-301F-11D3-BF4B-00C04F79EFBC}") = "ZeldaTotKBot", "ZeldaTotKBot\ZeldaTotKBot.csproj", "{708BE4F5-1DB7-4CC4-8FC0-5CAE7B080853}"
EndProject
Global
	GlobalSection(SolutionConfigurationPlatforms) = preSolution
		Debug|Any CPU = Debug|Any CPU
		Release|Any CPU = Release|Any CPU
	EndGlobalSection
	GlobalSection(ProjectConfigurationPlatforms) = postSolution
		{708BE4F5-1DB7-4CC4-8FC0-5CAE7B080853}.Debug|Any CPU.ActiveCfg = Debug|Any CPU
		{708BE4F5-1DB7-4CC4-8FC0-5CAE7B080853}.Debug|Any CPU.Build.0 = Debug|Any CPU
		{708BE4F5-1DB7-4CC4-8FC0-5CAE7B080853}.Release|Any CPU.ActiveCfg = Release|Any CPU
		{708BE4F5-1DB7-4CC4-8FC0-5CAE7B080853}.Release|Any CPU.Build.0 = Release|Any CPU
	EndGlobalSection
	GlobalSection(SolutionProperties) = preSolution
		HideSolutionNode = FALSE
	EndGlobalSection
	GlobalSection(ExtensibilityGlobals) = postSolution
		SolutionGuid = {0F175B0A-655B-4198-B488-48DCFB33BCFD}
	EndGlobalSection
EndGlobal
